
Microsoft Visual Studio Solution File, Format Version 12.00
# Visual Studio 15
VisualStudioVersion = 15.0.27130.0
MinimumVisualStudioVersion = 10.0.40219.1
Project("{FAE04EC0-301F-11D3-BF4B-00C04F79EFBC}") = "DemoApp", "DemoApp\DemoApp.csproj", "{928E8835-F4A3-470B-AC3D-1C981AD54369}"
EndProject
Global
	GlobalSection(SolutionConfigurationPlatforms) = preSolution
		Debug|Any CPU = Debug|Any CPU
		Release|Any CPU = Release|Any CPU
	EndGlobalSection
	GlobalSection(ProjectConfigurationPlatforms) = postSolution
		{928E8835-F4A3-470B-AC3D-1C981AD54369}.Debug|Any CPU.ActiveCfg = Debug|Any CPU
		{928E8835-F4A3-470B-AC3D-1C981AD54369}.Debug|Any CPU.Build.0 = Debug|Any CPU
		{928E8835-F4A3-470B-AC3D-1C981AD54369}.Release|Any CPU.ActiveCfg = Release|Any CPU
		{928E8835-F4A3-470B-AC3D-1C981AD54369}.Release|Any CPU.Build.0 = Release|Any CPU
	EndGlobalSection
	GlobalSection(SolutionProperties) = preSolution
		HideSolutionNode = FALSE
	EndGlobalSection
	GlobalSection(ExtensibilityGlobals) = postSolution
		SolutionGuid = {4E70C1FD-482E-4D5A-942B-ED77F3FC121C}
	EndGlobalSection
EndGlobal
